// !$*UTF8*$!
{
	archiveVersion = 1;
	classes = {
	};
	objectVersion = 46;
	objects = {

/* Begin PBXBuildFile section */
		2217F0291CC44C8900AFA23C /* AppDelegate.swift in Sources */ = {isa = PBXBuildFile; fileRef = 2217F0281CC44C8900AFA23C /* AppDelegate.swift */; };
		2217F02B1CC44C8900AFA23C /* ViewController.swift in Sources */ = {isa = PBXBuildFile; fileRef = 2217F02A1CC44C8900AFA23C /* ViewController.swift */; };
		2217F02E1CC44C8900AFA23C /* Main.storyboard in Resources */ = {isa = PBXBuildFile; fileRef = 2217F02C1CC44C8900AFA23C /* Main.storyboard */; };
		2217F0301CC44C8900AFA23C /* Images.xcassets in Resources */ = {isa = PBXBuildFile; fileRef = 2217F02F1CC44C8900AFA23C /* Images.xcassets */; };
		2217F0331CC44C8900AFA23C /* LaunchScreen.xib in Resources */ = {isa = PBXBuildFile; fileRef = 2217F0311CC44C8900AFA23C /* LaunchScreen.xib */; };
		2217F03F1CC44C8900AFA23C /* CalculatorTests.swift in Sources */ = {isa = PBXBuildFile; fileRef = 2217F03E1CC44C8900AFA23C /* CalculatorTests.swift */; };
		2217F0491CC49DEB00AFA23C /* CalculatorBrains.swift in Sources */ = {isa = PBXBuildFile; fileRef = 2217F0481CC49DEB00AFA23C /* CalculatorBrains.swift */; };
/* End PBXBuildFile section */

/* Begin PBXContainerItemProxy section */
		2217F0391CC44C8900AFA23C /* PBXContainerItemProxy */ = {
			isa = PBXContainerItemProxy;
			containerPortal = 2217F01B1CC44C8900AFA23C /* Project object */;
			proxyType = 1;
			remoteGlobalIDString = 2217F0221CC44C8900AFA23C;
			remoteInfo = Calculator;
		};
/* End PBXContainerItemProxy section */

/* Begin PBXFileReference section */
		2217F0231CC44C8900AFA23C /* Calculator.app */ = {isa = PBXFileReference; explicitFileType = wrapper.application; includeInIndex = 0; path = Calculator.app; sourceTree = BUILT_PRODUCTS_DIR; };
		2217F0271CC44C8900AFA23C /* Info.plist */ = {isa = PBXFileReference; lastKnownFileType = text.plist.xml; path = Info.plist; sourceTree = "<group>"; };
		2217F0281CC44C8900AFA23C /* AppDelegate.swift */ = {isa = PBXFileReference; lastKnownFileType = sourcecode.swift; path = AppDelegate.swift; sourceTree = "<group>"; };
		2217F02A1CC44C8900AFA23C /* ViewController.swift */ = {isa = PBXFileReference; lastKnownFileType = sourcecode.swift; path = ViewController.swift; sourceTree = "<group>"; };
		2217F02D1CC44C8900AFA23C /* Base */ = {isa = PBXFileReference; lastKnownFileType = file.storyboard; name = Base; path = Base.lproj/Main.storyboard; sourceTree = "<group>"; };
		2217F02F1CC44C8900AFA23C /* Images.xcassets */ = {isa = PBXFileReference; lastKnownFileType = folder.assetcatalog; path = Images.xcassets; sourceTree = "<group>"; };
		2217F0321CC44C8900AFA23C /* Base */ = {isa = PBXFileReference; lastKnownFileType = file.xib; name = Base; path = Base.lproj/LaunchScreen.xib; sourceTree = "<group>"; };
		2217F0381CC44C8900AFA23C /* CalculatorTests.xctest */ = {isa = PBXFileReference; explicitFileType = wrapper.cfbundle; includeInIndex = 0; path = CalculatorTests.xctest; sourceTree = BUILT_PRODUCTS_DIR; };
		2217F03D1CC44C8900AFA23C /* Info.plist */ = {isa = PBXFileReference; lastKnownFileType = text.plist.xml; path = Info.plist; sourceTree = "<group>"; };
		2217F03E1CC44C8900AFA23C /* CalculatorTests.swift */ = {isa = PBXFileReference; lastKnownFileType = sourcecode.swift; path = CalculatorTests.swift; sourceTree = "<group>"; };
		2217F0481CC49DEB00AFA23C /* CalculatorBrains.swift */ = {isa = PBXFileReference; fileEncoding = 4; lastKnownFileType = sourcecode.swift; path = CalculatorBrains.swift; sourceTree = "<group>"; };
/* End PBXFileReference section */

/* Begin PBXFrameworksBuildPhase section */
		2217F0201CC44C8900AFA23C /* Frameworks */ = {
			isa = PBXFrameworksBuildPhase;
			buildActionMask = 2147483647;
			files = (
			);
			runOnlyForDeploymentPostprocessing = 0;
		};
		2217F0351CC44C8900AFA23C /* Frameworks */ = {
			isa = PBXFrameworksBuildPhase;
			buildActionMask = 2147483647;
			files = (
			);
			runOnlyForDeploymentPostprocessing = 0;
		};
/* End PBXFrameworksBuildPhase section */

/* Begin PBXGroup section */
		2217F01A1CC44C8900AFA23C = {
			isa = PBXGroup;
			children = (
				2217F0251CC44C8900AFA23C /* Calculator */,
				2217F03B1CC44C8900AFA23C /* CalculatorTests */,
				2217F0241CC44C8900AFA23C /* Products */,
			);
			sourceTree = "<group>";
		};
		2217F0241CC44C8900AFA23C /* Products */ = {
			isa = PBXGroup;
			children = (
				2217F0231CC44C8900AFA23C /* Calculator.app */,
				2217F0381CC44C8900AFA23C /* CalculatorTests.xctest */,
			);
			name = Products;
			sourceTree = "<group>";
		};
		2217F0251CC44C8900AFA23C /* Calculator */ = {
			isa = PBXGroup;
			children = (
				2217F0281CC44C8900AFA23C /* AppDelegate.swift */,
				2217F02A1CC44C8900AFA23C /* ViewController.swift */,
				2217F0481CC49DEB00AFA23C /* CalculatorBrains.swift */,
				2217F02C1CC44C8900AFA23C /* Main.storyboard */,
				2217F02F1CC44C8900AFA23C /* Images.xcassets */,
				2217F0311CC44C8900AFA23C /* LaunchScreen.xib */,
				2217F0261CC44C8900AFA23C /* Supporting Files */,
			);
			path = Calculator;
			sourceTree = "<group>";
		};
		2217F0261CC44C8900AFA23C /* Supporting Files */ = {
			isa = PBXGroup;
			children = (
				2217F0271CC44C8900AFA23C /* Info.plist */,
			);
			name = "Supporting Files";
			sourceTree = "<group>";
		};
		2217F03B1CC44C8900AFA23C /* CalculatorTests */ = {
			isa = PBXGroup;
			children = (
				2217F03E1CC44C8900AFA23C /* CalculatorTests.swift */,
				2217F03C1CC44C8900AFA23C /* Supporting Files */,
			);
			path = CalculatorTests;
			sourceTree = "<group>";
		};
		2217F03C1CC44C8900AFA23C /* Supporting Files */ = {
			isa = PBXGroup;
			children = (
				2217F03D1CC44C8900AFA23C /* Info.plist */,
			);
			name = "Supporting Files";
			sourceTree = "<group>";
		};
/* End PBXGroup section */

/* Begin PBXNativeTarget section */
		2217F0221CC44C8900AFA23C /* Calculator */ = {
			isa = PBXNativeTarget;
			buildConfigurationList = 2217F0421CC44C8900AFA23C /* Build configuration list for PBXNativeTarget "Calculator" */;
			buildPhases = (
				2217F01F1CC44C8900AFA23C /* Sources */,
				2217F0201CC44C8900AFA23C /* Frameworks */,
				2217F0211CC44C8900AFA23C /* Resources */,
			);
			buildRules = (
			);
			dependencies = (
			);
			name = Calculator;
			productName = Calculator;
			productReference = 2217F0231CC44C8900AFA23C /* Calculator.app */;
			productType = "com.apple.product-type.application";
		};
		2217F0371CC44C8900AFA23C /* CalculatorTests */ = {
			isa = PBXNativeTarget;
			buildConfigurationList = 2217F0451CC44C8900AFA23C /* Build configuration list for PBXNativeTarget "CalculatorTests" */;
			buildPhases = (
				2217F0341CC44C8900AFA23C /* Sources */,
				2217F0351CC44C8900AFA23C /* Frameworks */,
				2217F0361CC44C8900AFA23C /* Resources */,
			);
			buildRules = (
			);
			dependencies = (
				2217F03A1CC44C8900AFA23C /* PBXTargetDependency */,
			);
			name = CalculatorTests;
			productName = CalculatorTests;
			productReference = 2217F0381CC44C8900AFA23C /* CalculatorTests.xctest */;
			productType = "com.apple.product-type.bundle.unit-test";
		};
/* End PBXNativeTarget section */

/* Begin PBXProject section */
		2217F01B1CC44C8900AFA23C /* Project object */ = {
			isa = PBXProject;
			attributes = {
				LastUpgradeCheck = 0630;
				ORGANIZATIONNAME = "Sam Fox";
				TargetAttributes = {
					2217F0221CC44C8900AFA23C = {
						CreatedOnToolsVersion = 6.3.2;
					};
					2217F0371CC44C8900AFA23C = {
						CreatedOnToolsVersion = 6.3.2;
						TestTargetID = 2217F0221CC44C8900AFA23C;
					};
				};
			};
			buildConfigurationList = 2217F01E1CC44C8900AFA23C /* Build configuration list for PBXProject "Calculator" */;
			compatibilityVersion = "Xcode 3.2";
			developmentRegion = English;
			hasScannedForEncodings = 0;
			knownRegions = (
				en,
				Base,
			);
			mainGroup = 2217F01A1CC44C8900AFA23C;
			productRefGroup = 2217F0241CC44C8900AFA23C /* Products */;
			projectDirPath = "";
			projectRoot = "";
			targets = (
				2217F0221CC44C8900AFA23C /* Calculator */,
				2217F0371CC44C8900AFA23C /* CalculatorTests */,
			);
		};
/* End PBXProject section */

/* Begin PBXResourcesBuildPhase section */
		2217F0211CC44C8900AFA23C /* Resources */ = {
			isa = PBXResourcesBuildPhase;
			buildActionMask = 2147483647;
			files = (
				2217F02E1CC44C8900AFA23C /* Main.storyboard in Resources */,
				2217F0331CC44C8900AFA23C /* LaunchScreen.xib in Resources */,
				2217F0301CC44C8900AFA23C /* Images.xcassets in Resources */,
			);
			runOnlyForDeploymentPostprocessing = 0;
		};
		2217F0361CC44C8900AFA23C /* Resources */ = {
			isa = PBXResourcesBuildPhase;
			buildActionMask = 2147483647;
			files = (
			);
			runOnlyForDeploymentPostprocessing = 0;
		};
/* End PBXResourcesBuildPhase section */

/* Begin PBXSourcesBuildPhase section */
		2217F01F1CC44C8900AFA23C /* Sources */ = {
			isa = PBXSourcesBuildPhase;
			buildActionMask = 2147483647;
			files = (
				2217F02B1CC44C8900AFA23C /* ViewController.swift in Sources */,
				2217F0491CC49DEB00AFA23C /* CalculatorBrains.swift in Sources */,
				2217F0291CC44C8900AFA23C /* AppDelegate.swift in Sources */,
			);
			runOnlyForDeploymentPostprocessing = 0;
		};
		2217F0341CC44C8900AFA23C /* Sources */ = {
			isa = PBXSourcesBuildPhase;
			buildActionMask = 2147483647;
			files = (
				2217F03F1CC44C8900AFA23C /* CalculatorTests.swift in Sources */,
			);
			runOnlyForDeploymentPostprocessing = 0;
		};
/* End PBXSourcesBuildPhase section */

/* Begin PBXTargetDependency section */
		2217F03A1CC44C8900AFA23C /* PBXTargetDependency */ = {
			isa = PBXTargetDependency;
			target = 2217F0221CC44C8900AFA23C /* Calculator */;
			targetProxy = 2217F0391CC44C8900AFA23C /* PBXContainerItemProxy */;
		};
/* End PBXTargetDependency section */

/* Begin PBXVariantGroup section */
		2217F02C1CC44C8900AFA23C /* Main.storyboard */ = {
			isa = PBXVariantGroup;
			children = (
				2217F02D1CC44C8900AFA23C /* Base */,
			);
			name = Main.storyboard;
			sourceTree = "<group>";
		};
		2217F0311CC44C8900AFA23C /* LaunchScreen.xib */ = {
			isa = PBXVariantGroup;
			children = (
				2217F0321CC44C8900AFA23C /* Base */,
			);
			name = LaunchScreen.xib;
			sourceTree = "<group>";
		};
/* End PBXVariantGroup section */

/* Begin XCBuildConfiguration section */
		2217F0401CC44C8900AFA23C /* Debug */ = {
			isa = XCBuildConfiguration;
			buildSettings = {
				ALWAYS_SEARCH_USER_PATHS = NO;
				CLANG_CXX_LANGUAGE_STANDARD = "gnu++0x";
				CLANG_CXX_LIBRARY = "libc++";
				CLANG_ENABLE_MODULES = YES;
				CLANG_ENABLE_OBJC_ARC = YES;
				CLANG_WARN_BOOL_CONVERSION = YES;
				CLANG_WARN_CONSTANT_CONVERSION = YES;
				CLANG_WARN_DIRECT_OBJC_ISA_USAGE = YES_ERROR;
				CLANG_WARN_EMPTY_BODY = YES;
				CLANG_WARN_ENUM_CONVERSION = YES;
				CLANG_WARN_INT_CONVERSION = YES;
				CLANG_WARN_OBJC_ROOT_CLASS = YES_ERROR;
				CLANG_WARN_UNREACHABLE_CODE = YES;
				CLANG_WARN__DUPLICATE_METHOD_MATCH = YES;
				"CODE_SIGN_IDENTITY[sdk=iphoneos*]" = "iPhone Developer";
				COPY_PHASE_STRIP = NO;
				DEBUG_INFORMATION_FORMAT = "dwarf-with-dsym";
				ENABLE_STRICT_OBJC_MSGSEND = YES;
				GCC_C_LANGUAGE_STANDARD = gnu99;
				GCC_DYNAMIC_NO_PIC = NO;
				GCC_NO_COMMON_BLOCKS = YES;
				GCC_OPTIMIZATION_LEVEL = 0;
				GCC_PREPROCESSOR_DEFINITIONS = (
					"DEBUG=1",
					"$(inherited)",
				);
				GCC_SYMBOLS_PRIVATE_EXTERN = NO;
				GCC_WARN_64_TO_32_BIT_CONVERSION = YES;
				GCC_WARN_ABOUT_RETURN_TYPE = YES_ERROR;
				GCC_WARN_UNDECLARED_SELECTOR = YES;
				GCC_WARN_UNINITIALIZED_AUTOS = YES_AGGRESSIVE;
				GCC_WARN_UNUSED_FUNCTION = YES;
				GCC_WARN_UNUSED_VARIABLE = YES;
				IPHONEOS_DEPLOYMENT_TARGET = 8.3;
				MTL_ENABLE_DEBUG_INFO = YES;
				ONLY_ACTIVE_ARCH = YES;
				SDKROOT = iphoneos;
				SWIFT_OPTIMIZATION_LEVEL = "-Onone";
				TARGETED_DEVICE_FAMILY = "1,2";
			};
			name = Debug;
		};
		2217F0411CC44C8900AFA23C /* Release */ = {
			isa = XCBuildConfiguration;
			buildSettings = {
				ALWAYS_SEARCH_USER_PATHS = NO;
				CLANG_CXX_LANGUAGE_STANDARD = "gnu++0x";
				CLANG_CXX_LIBRARY = "libc++";
				CLANG_ENABLE_MODULES = YES;
				CLANG_ENABLE_OBJC_ARC = YES;
				CLANG_WARN_BOOL_CONVERSION = YES;
				CLANG_WARN_CONSTANT_CONVERSION = YES;
				CLANG_WARN_DIRECT_OBJC_ISA_USAGE = YES_ERROR;
				CLANG_WARN_EMPTY_BODY = YES;
				CLANG_WARN_ENUM_CONVERSION = YES;
				CLANG_WARN_INT_CONVERSION = YES;
				CLANG_WARN_OBJC_ROOT_CLASS = YES_ERROR;
				CLANG_WARN_UNREACHABLE_CODE = YES;
				CLANG_WARN__DUPLICATE_METHOD_MATCH = YES;
				"CODE_SIGN_IDENTITY[sdk=iphoneos*]" = "iPhone Developer";
				COPY_PHASE_STRIP = NO;
				DEBUG_INFORMATION_FORMAT = "dwarf-with-dsym";
				ENABLE_NS_ASSERTIONS = NO;
				ENABLE_STRICT_OBJC_MSGSEND = YES;
				GCC_C_LANGUAGE_STANDARD = gnu99;
				GCC_NO_COMMON_BLOCKS = YES;
				GCC_WARN_64_TO_32_BIT_CONVERSION = YES;
				GCC_WARN_ABOUT_RETURN_TYPE = YES_ERROR;
				GCC_WARN_UNDECLARED_SELECTOR = YES;
				GCC_WARN_UNINITIALIZED_AUTOS = YES_AGGRESSIVE;
				GCC_WARN_UNUSED_FUNCTION = YES;
				GCC_WARN_UNUSED_VARIABLE = YES;
				IPHONEOS_DEPLOYMENT_TARGET = 8.3;
				MTL_ENABLE_DEBUG_INFO = NO;
				SDKROOT = iphoneos;
				TARGETED_DEVICE_FAMILY = "1,2";
				VALIDATE_PRODUCT = YES;
			};
			name = Release;
		};
		2217F0431CC44C8900AFA23C /* Debug */ = {
			isa = XCBuildConfiguration;
			buildSettings = {
				ASSETCATALOG_COMPILER_APPICON_NAME = AppIcon;
				INFOPLIST_FILE = Calculator/Info.plist;
				LD_RUNPATH_SEARCH_PATHS = "$(inherited) @executable_path/Frameworks";
				PRODUCT_NAME = "$(TARGET_NAME)";
			};
			name = Debug;
		};
		2217F0441CC44C8900AFA23C /* Release */ = {
			isa = XCBuildConfiguration;
			buildSettings = {
				ASSETCATALOG_COMPILER_APPICON_NAME = AppIcon;
				INFOPLIST_FILE = Calculator/Info.plist;
				LD_RUNPATH_SEARCH_PATHS = "$(inherited) @executable_path/Frameworks";
				PRODUCT_NAME = "$(TARGET_NAME)";
			};
			name = Release;
		};
		2217F0461CC44C8900AFA23C /* Debug */ = {
			isa = XCBuildConfiguration;
			buildSettings = {
				BUNDLE_LOADER = "$(TEST_HOST)";
				FRAMEWORK_SEARCH_PATHS = (
					"$(SDKROOT)/Developer/Library/Frameworks",
					"$(inherited)",
				);
				GCC_PREPROCESSOR_DEFINITIONS = (
					"DEBUG=1",
					"$(inherited)",
				);
				INFOPLIST_FILE = CalculatorTests/Info.plist;
				LD_RUNPATH_SEARCH_PATHS = "$(inherited) @executable_path/Frameworks @loader_path/Frameworks";
				PRODUCT_NAME = "$(TARGET_NAME)";
				TEST_HOST = "$(BUILT_PRODUCTS_DIR)/Calculator.app/Calculator";
			};
			name = Debug;
		};
		2217F0471CC44C8900AFA23C /* Release */ = {
			isa = XCBuildConfiguration;
			buildSettings = {
				BUNDLE_LOADER = "$(TEST_HOST)";
				FRAMEWORK_SEARCH_PATHS = (
					"$(SDKROOT)/Developer/Library/Frameworks",
					"$(inherited)",
				);
				INFOPLIST_FILE = CalculatorTests/Info.plist;
				LD_RUNPATH_SEARCH_PATHS = "$(inherited) @executable_path/Frameworks @loader_path/Frameworks";
				PRODUCT_NAME = "$(TARGET_NAME)";
				TEST_HOST = "$(BUILT_PRODUCTS_DIR)/Calculator.app/Calculator";
			};
			name = Release;
		};
/* End XCBuildConfiguration section */

/* Begin XCConfigurationList section */
		2217F01E1CC44C8900AFA23C /* Build configuration list for PBXProject "Calculator" */ = {
			isa = XCConfigurationList;
			buildConfigurations = (
				2217F0401CC44C8900AFA23C /* Debug */,
				2217F0411CC44C8900AFA23C /* Release */,
			);
			defaultConfigurationIsVisible = 0;
			defaultConfigurationName = Release;
		};
		2217F0421CC44C8900AFA23C /* Build configuration list for PBXNativeTarget "Calculator" */ = {
			isa = XCConfigurationList;
			buildConfigurations = (
				2217F0431CC44C8900AFA23C /* Debug */,
				2217F0441CC44C8900AFA23C /* Release */,
			);
			defaultConfigurationIsVisible = 0;
		};
		2217F0451CC44C8900AFA23C /* Build configuration list for PBXNativeTarget "CalculatorTests" */ = {
			isa = XCConfigurationList;
			buildConfigurations = (
				2217F0461CC44C8900AFA23C /* Debug */,
				2217F0471CC44C8900AFA23C /* Release */,
			);
			defaultConfigurationIsVisible = 0;
		};
/* End XCConfigurationList section */
	};
	rootObject = 2217F01B1CC44C8900AFA23C /* Project object */;
}
